
Microsoft Visual Studio Solution File, Format Version 12.00
# Visual Studio Version 17
VisualStudioVersion = 17.2.32526.322
MinimumVisualStudioVersion = 10.0.40219.1
Project("{FAE04EC0-301F-11D3-BF4B-00C04F79EFBC}") = "YouTuber新着動画通知ソフト", "YouTuber新着動画通知ソフト\YouTuber新着動画通知ソフト.csproj", "{DECD8751-3160-48B8-88D7-D16C7C4C6CC4}"
EndProject
Global
	GlobalSection(SolutionConfigurationPlatforms) = preSolution
		Debug|Any CPU = Debug|Any CPU
		Release|Any CPU = Release|Any CPU
	EndGlobalSection
	GlobalSection(ProjectConfigurationPlatforms) = postSolution
		{DECD8751-3160-48B8-88D7-D16C7C4C6CC4}.Debug|Any CPU.ActiveCfg = Debug|Any CPU
		{DECD8751-3160-48B8-88D7-D16C7C4C6CC4}.Debug|Any CPU.Build.0 = Debug|Any CPU
		{DECD8751-3160-48B8-88D7-D16C7C4C6CC4}.Release|Any CPU.ActiveCfg = Release|Any CPU
		{DECD8751-3160-48B8-88D7-D16C7C4C6CC4}.Release|Any CPU.Build.0 = Release|Any CPU
	EndGlobalSection
	GlobalSection(SolutionProperties) = preSolution
		HideSolutionNode = FALSE
	EndGlobalSection
	GlobalSection(ExtensibilityGlobals) = postSolution
		SolutionGuid = {A66C33A6-6B97-4D6A-A7AC-83BF234C6093}
	EndGlobalSection
EndGlobal
